
Microsoft Visual Studio Solution File, Format Version 12.00
# Visual Studio Version 17
VisualStudioVersion = 17.2.32422.2
MinimumVisualStudioVersion = 10.0.40219.1
Project("{FAE04EC0-301F-11D3-BF4B-00C04F79EFBC}") = "SistemPerMenaxhiminESpitalit", "SistemPerMenaxhiminESpitalit\SistemPerMenaxhiminESpitalit.csproj", "{D753F40D-2EA0-4637-8C81-EB2AFA722A3A}"
EndProject
Global
	GlobalSection(SolutionConfigurationPlatforms) = preSolution
		Debug|Any CPU = Debug|Any CPU
		Release|Any CPU = Release|Any CPU
	EndGlobalSection
	GlobalSection(ProjectConfigurationPlatforms) = postSolution
		{D753F40D-2EA0-4637-8C81-EB2AFA722A3A}.Debug|Any CPU.ActiveCfg = Debug|Any CPU
		{D753F40D-2EA0-4637-8C81-EB2AFA722A3A}.Debug|Any CPU.Build.0 = Debug|Any CPU
		{D753F40D-2EA0-4637-8C81-EB2AFA722A3A}.Release|Any CPU.ActiveCfg = Release|Any CPU
		{D753F40D-2EA0-4637-8C81-EB2AFA722A3A}.Release|Any CPU.Build.0 = Release|Any CPU
	EndGlobalSection
	GlobalSection(SolutionProperties) = preSolution
		HideSolutionNode = FALSE
	EndGlobalSection
	GlobalSection(ExtensibilityGlobals) = postSolution
		SolutionGuid = {BA4D9226-7D8D-4FFA-8D38-3977D44276B6}
	EndGlobalSection
EndGlobal
